// !$*UTF8*$!
{
	archiveVersion = 1;
	classes = {
	};
	objectVersion = 46;
	objects = {

/* Begin PBXBuildFile section */
		3AE5E8A61D369E8700DB40B7 /* AppDelegate.swift in Sources */ = {isa = PBXBuildFile; fileRef = 3AE5E8A51D369E8700DB40B7 /* AppDelegate.swift */; };
		3AE5E8A81D369E8700DB40B7 /* ViewController.swift in Sources */ = {isa = PBXBuildFile; fileRef = 3AE5E8A71D369E8700DB40B7 /* ViewController.swift */; };
		3AE5E8AB1D369E8700DB40B7 /* Main.storyboard in Resources */ = {isa = PBXBuildFile; fileRef = 3AE5E8A91D369E8700DB40B7 /* Main.storyboard */; };
		3AE5E8AE1D369E8700DB40B7 /* UrbozPicker.xcdatamodeld in Sources */ = {isa = PBXBuildFile; fileRef = 3AE5E8AC1D369E8700DB40B7 /* UrbozPicker.xcdatamodeld */; };
		3AE5E8B01D369E8700DB40B7 /* Assets.xcassets in Resources */ = {isa = PBXBuildFile; fileRef = 3AE5E8AF1D369E8700DB40B7 /* Assets.xcassets */; };
		3AE5E8B31D369E8700DB40B7 /* LaunchScreen.storyboard in Resources */ = {isa = PBXBuildFile; fileRef = 3AE5E8B11D369E8700DB40B7 /* LaunchScreen.storyboard */; };
		3AE5E8BE1D369E8700DB40B7 /* UrbozPickerTests.swift in Sources */ = {isa = PBXBuildFile; fileRef = 3AE5E8BD1D369E8700DB40B7 /* UrbozPickerTests.swift */; };
		3AE5E8C91D369E8700DB40B7 /* UrbozPickerUITests.swift in Sources */ = {isa = PBXBuildFile; fileRef = 3AE5E8C81D369E8700DB40B7 /* UrbozPickerUITests.swift */; };
		3AE5E8D71D369F0700DB40B7 /* UrbozPicker.swift in Sources */ = {isa = PBXBuildFile; fileRef = 3AE5E8D61D369F0700DB40B7 /* UrbozPicker.swift */; };
/* End PBXBuildFile section */

/* Begin PBXContainerItemProxy section */
		3AE5E8BA1D369E8700DB40B7 /* PBXContainerItemProxy */ = {
			isa = PBXContainerItemProxy;
			containerPortal = 3AE5E89A1D369E8700DB40B7 /* Project object */;
			proxyType = 1;
			remoteGlobalIDString = 3AE5E8A11D369E8700DB40B7;
			remoteInfo = UrbozPicker;
		};
		3AE5E8C51D369E8700DB40B7 /* PBXContainerItemProxy */ = {
			isa = PBXContainerItemProxy;
			containerPortal = 3AE5E89A1D369E8700DB40B7 /* Project object */;
			proxyType = 1;
			remoteGlobalIDString = 3AE5E8A11D369E8700DB40B7;
			remoteInfo = UrbozPicker;
		};
/* End PBXContainerItemProxy section */

/* Begin PBXFileReference section */
		3AE5E8A21D369E8700DB40B7 /* UrbozPicker.app */ = {isa = PBXFileReference; explicitFileType = wrapper.application; includeInIndex = 0; path = UrbozPicker.app; sourceTree = BUILT_PRODUCTS_DIR; };
		3AE5E8A51D369E8700DB40B7 /* AppDelegate.swift */ = {isa = PBXFileReference; lastKnownFileType = sourcecode.swift; path = AppDelegate.swift; sourceTree = "<group>"; };
		3AE5E8A71D369E8700DB40B7 /* ViewController.swift */ = {isa = PBXFileReference; lastKnownFileType = sourcecode.swift; path = ViewController.swift; sourceTree = "<group>"; };
		3AE5E8AA1D369E8700DB40B7 /* Base */ = {isa = PBXFileReference; lastKnownFileType = file.storyboard; name = Base; path = Base.lproj/Main.storyboard; sourceTree = "<group>"; };
		3AE5E8AD1D369E8700DB40B7 /* UrbozPicker.xcdatamodel */ = {isa = PBXFileReference; lastKnownFileType = wrapper.xcdatamodel; path = UrbozPicker.xcdatamodel; sourceTree = "<group>"; };
		3AE5E8AF1D369E8700DB40B7 /* Assets.xcassets */ = {isa = PBXFileReference; lastKnownFileType = folder.assetcatalog; path = Assets.xcassets; sourceTree = "<group>"; };
		3AE5E8B21D369E8700DB40B7 /* Base */ = {isa = PBXFileReference; lastKnownFileType = file.storyboard; name = Base; path = Base.lproj/LaunchScreen.storyboard; sourceTree = "<group>"; };
		3AE5E8B41D369E8700DB40B7 /* Info.plist */ = {isa = PBXFileReference; lastKnownFileType = text.plist.xml; path = Info.plist; sourceTree = "<group>"; };
		3AE5E8B91D369E8700DB40B7 /* UrbozPickerTests.xctest */ = {isa = PBXFileReference; explicitFileType = wrapper.cfbundle; includeInIndex = 0; path = UrbozPickerTests.xctest; sourceTree = BUILT_PRODUCTS_DIR; };
		3AE5E8BD1D369E8700DB40B7 /* UrbozPickerTests.swift */ = {isa = PBXFileReference; lastKnownFileType = sourcecode.swift; path = UrbozPickerTests.swift; sourceTree = "<group>"; };
		3AE5E8BF1D369E8700DB40B7 /* Info.plist */ = {isa = PBXFileReference; lastKnownFileType = text.plist.xml; path = Info.plist; sourceTree = "<group>"; };
		3AE5E8C41D369E8700DB40B7 /* UrbozPickerUITests.xctest */ = {isa = PBXFileReference; explicitFileType = wrapper.cfbundle; includeInIndex = 0; path = UrbozPickerUITests.xctest; sourceTree = BUILT_PRODUCTS_DIR; };
		3AE5E8C81D369E8700DB40B7 /* UrbozPickerUITests.swift */ = {isa = PBXFileReference; lastKnownFileType = sourcecode.swift; path = UrbozPickerUITests.swift; sourceTree = "<group>"; };
		3AE5E8CA1D369E8700DB40B7 /* Info.plist */ = {isa = PBXFileReference; lastKnownFileType = text.plist.xml; path = Info.plist; sourceTree = "<group>"; };
		3AE5E8D61D369F0700DB40B7 /* UrbozPicker.swift */ = {isa = PBXFileReference; fileEncoding = 4; lastKnownFileType = sourcecode.swift; path = UrbozPicker.swift; sourceTree = "<group>"; };
/* End PBXFileReference section */

/* Begin PBXFrameworksBuildPhase section */
		3AE5E89F1D369E8700DB40B7 /* Frameworks */ = {
			isa = PBXFrameworksBuildPhase;
			buildActionMask = 2147483647;
			files = (
			);
			runOnlyForDeploymentPostprocessing = 0;
		};
		3AE5E8B61D369E8700DB40B7 /* Frameworks */ = {
			isa = PBXFrameworksBuildPhase;
			buildActionMask = 2147483647;
			files = (
			);
			runOnlyForDeploymentPostprocessing = 0;
		};
		3AE5E8C11D369E8700DB40B7 /* Frameworks */ = {
			isa = PBXFrameworksBuildPhase;
			buildActionMask = 2147483647;
			files = (
			);
			runOnlyForDeploymentPostprocessing = 0;
		};
/* End PBXFrameworksBuildPhase section */

/* Begin PBXGroup section */
		3AE5E8991D369E8700DB40B7 = {
			isa = PBXGroup;
			children = (
				3AE5E8A41D369E8700DB40B7 /* UrbozPicker */,
				3AE5E8BC1D369E8700DB40B7 /* UrbozPickerTests */,
				3AE5E8C71D369E8700DB40B7 /* UrbozPickerUITests */,
				3AE5E8A31D369E8700DB40B7 /* Products */,
			);
			sourceTree = "<group>";
		};
		3AE5E8A31D369E8700DB40B7 /* Products */ = {
			isa = PBXGroup;
			children = (
				3AE5E8A21D369E8700DB40B7 /* UrbozPicker.app */,
				3AE5E8B91D369E8700DB40B7 /* UrbozPickerTests.xctest */,
				3AE5E8C41D369E8700DB40B7 /* UrbozPickerUITests.xctest */,
			);
			name = Products;
			sourceTree = "<group>";
		};
		3AE5E8A41D369E8700DB40B7 /* UrbozPicker */ = {
			isa = PBXGroup;
			children = (
				3AE5E8D61D369F0700DB40B7 /* UrbozPicker.swift */,
				3AE5E8A51D369E8700DB40B7 /* AppDelegate.swift */,
				3AE5E8A71D369E8700DB40B7 /* ViewController.swift */,
				3AE5E8A91D369E8700DB40B7 /* Main.storyboard */,
				3AE5E8AF1D369E8700DB40B7 /* Assets.xcassets */,
				3AE5E8B11D369E8700DB40B7 /* LaunchScreen.storyboard */,
				3AE5E8B41D369E8700DB40B7 /* Info.plist */,
				3AE5E8AC1D369E8700DB40B7 /* UrbozPicker.xcdatamodeld */,
			);
			path = UrbozPicker;
			sourceTree = "<group>";
		};
		3AE5E8BC1D369E8700DB40B7 /* UrbozPickerTests */ = {
			isa = PBXGroup;
			children = (
				3AE5E8BD1D369E8700DB40B7 /* UrbozPickerTests.swift */,
				3AE5E8BF1D369E8700DB40B7 /* Info.plist */,
			);
			path = UrbozPickerTests;
			sourceTree = "<group>";
		};
		3AE5E8C71D369E8700DB40B7 /* UrbozPickerUITests */ = {
			isa = PBXGroup;
			children = (
				3AE5E8C81D369E8700DB40B7 /* UrbozPickerUITests.swift */,
				3AE5E8CA1D369E8700DB40B7 /* Info.plist */,
			);
			path = UrbozPickerUITests;
			sourceTree = "<group>";
		};
/* End PBXGroup section */

/* Begin PBXNativeTarget section */
		3AE5E8A11D369E8700DB40B7 /* UrbozPicker */ = {
			isa = PBXNativeTarget;
			buildConfigurationList = 3AE5E8CD1D369E8700DB40B7 /* Build configuration list for PBXNativeTarget "UrbozPicker" */;
			buildPhases = (
				3AE5E89E1D369E8700DB40B7 /* Sources */,
				3AE5E89F1D369E8700DB40B7 /* Frameworks */,
				3AE5E8A01D369E8700DB40B7 /* Resources */,
			);
			buildRules = (
			);
			dependencies = (
			);
			name = UrbozPicker;
			productName = UrbozPicker;
			productReference = 3AE5E8A21D369E8700DB40B7 /* UrbozPicker.app */;
			productType = "com.apple.product-type.application";
		};
		3AE5E8B81D369E8700DB40B7 /* UrbozPickerTests */ = {
			isa = PBXNativeTarget;
			buildConfigurationList = 3AE5E8D01D369E8700DB40B7 /* Build configuration list for PBXNativeTarget "UrbozPickerTests" */;
			buildPhases = (
				3AE5E8B51D369E8700DB40B7 /* Sources */,
				3AE5E8B61D369E8700DB40B7 /* Frameworks */,
				3AE5E8B71D369E8700DB40B7 /* Resources */,
			);
			buildRules = (
			);
			dependencies = (
				3AE5E8BB1D369E8700DB40B7 /* PBXTargetDependency */,
			);
			name = UrbozPickerTests;
			productName = UrbozPickerTests;
			productReference = 3AE5E8B91D369E8700DB40B7 /* UrbozPickerTests.xctest */;
			productType = "com.apple.product-type.bundle.unit-test";
		};
		3AE5E8C31D369E8700DB40B7 /* UrbozPickerUITests */ = {
			isa = PBXNativeTarget;
			buildConfigurationList = 3AE5E8D31D369E8700DB40B7 /* Build configuration list for PBXNativeTarget "UrbozPickerUITests" */;
			buildPhases = (
				3AE5E8C01D369E8700DB40B7 /* Sources */,
				3AE5E8C11D369E8700DB40B7 /* Frameworks */,
				3AE5E8C21D369E8700DB40B7 /* Resources */,
			);
			buildRules = (
			);
			dependencies = (
				3AE5E8C61D369E8700DB40B7 /* PBXTargetDependency */,
			);
			name = UrbozPickerUITests;
			productName = UrbozPickerUITests;
			productReference = 3AE5E8C41D369E8700DB40B7 /* UrbozPickerUITests.xctest */;
			productType = "com.apple.product-type.bundle.ui-testing";
		};
/* End PBXNativeTarget section */

/* Begin PBXProject section */
		3AE5E89A1D369E8700DB40B7 /* Project object */ = {
			isa = PBXProject;
			attributes = {
				LastSwiftUpdateCheck = 0730;
				LastUpgradeCheck = 0730;
				ORGANIZATIONNAME = "Paulo Guevara";
				TargetAttributes = {
					3AE5E8A11D369E8700DB40B7 = {
						CreatedOnToolsVersion = 7.3.1;
					};
					3AE5E8B81D369E8700DB40B7 = {
						CreatedOnToolsVersion = 7.3.1;
						TestTargetID = 3AE5E8A11D369E8700DB40B7;
					};
					3AE5E8C31D369E8700DB40B7 = {
						CreatedOnToolsVersion = 7.3.1;
						TestTargetID = 3AE5E8A11D369E8700DB40B7;
					};
				};
			};
			buildConfigurationList = 3AE5E89D1D369E8700DB40B7 /* Build configuration list for PBXProject "UrbozPicker" */;
			compatibilityVersion = "Xcode 3.2";
			developmentRegion = English;
			hasScannedForEncodings = 0;
			knownRegions = (
				en,
				Base,
			);
			mainGroup = 3AE5E8991D369E8700DB40B7;
			productRefGroup = 3AE5E8A31D369E8700DB40B7 /* Products */;
			projectDirPath = "";
			projectRoot = "";
			targets = (
				3AE5E8A11D369E8700DB40B7 /* UrbozPicker */,
				3AE5E8B81D369E8700DB40B7 /* UrbozPickerTests */,
				3AE5E8C31D369E8700DB40B7 /* UrbozPickerUITests */,
			);
		};
/* End PBXProject section */

/* Begin PBXResourcesBuildPhase section */
		3AE5E8A01D369E8700DB40B7 /* Resources */ = {
			isa = PBXResourcesBuildPhase;
			buildActionMask = 2147483647;
			files = (
				3AE5E8B31D369E8700DB40B7 /* LaunchScreen.storyboard in Resources */,
				3AE5E8B01D369E8700DB40B7 /* Assets.xcassets in Resources */,
				3AE5E8AB1D369E8700DB40B7 /* Main.storyboard in Resources */,
			);
			runOnlyForDeploymentPostprocessing = 0;
		};
		3AE5E8B71D369E8700DB40B7 /* Resources */ = {
			isa = PBXResourcesBuildPhase;
			buildActionMask = 2147483647;
			files = (
			);
			runOnlyForDeploymentPostprocessing = 0;
		};
		3AE5E8C21D369E8700DB40B7 /* Resources */ = {
			isa = PBXResourcesBuildPhase;
			buildActionMask = 2147483647;
			files = (
			);
			runOnlyForDeploymentPostprocessing = 0;
		};
/* End PBXResourcesBuildPhase section */

/* Begin PBXSourcesBuildPhase section */
		3AE5E89E1D369E8700DB40B7 /* Sources */ = {
			isa = PBXSourcesBuildPhase;
			buildActionMask = 2147483647;
			files = (
				3AE5E8D71D369F0700DB40B7 /* UrbozPicker.swift in Sources */,
				3AE5E8A81D369E8700DB40B7 /* ViewController.swift in Sources */,
				3AE5E8A61D369E8700DB40B7 /* AppDelegate.swift in Sources */,
				3AE5E8AE1D369E8700DB40B7 /* UrbozPicker.xcdatamodeld in Sources */,
			);
			runOnlyForDeploymentPostprocessing = 0;
		};
		3AE5E8B51D369E8700DB40B7 /* Sources */ = {
			isa = PBXSourcesBuildPhase;
			buildActionMask = 2147483647;
			files = (
				3AE5E8BE1D369E8700DB40B7 /* UrbozPickerTests.swift in Sources */,
			);
			runOnlyForDeploymentPostprocessing = 0;
		};
		3AE5E8C01D369E8700DB40B7 /* Sources */ = {
			isa = PBXSourcesBuildPhase;
			buildActionMask = 2147483647;
			files = (
				3AE5E8C91D369E8700DB40B7 /* UrbozPickerUITests.swift in Sources */,
			);
			runOnlyForDeploymentPostprocessing = 0;
		};
/* End PBXSourcesBuildPhase section */

/* Begin PBXTargetDependency section */
		3AE5E8BB1D369E8700DB40B7 /* PBXTargetDependency */ = {
			isa = PBXTargetDependency;
			target = 3AE5E8A11D369E8700DB40B7 /* UrbozPicker */;
			targetProxy = 3AE5E8BA1D369E8700DB40B7 /* PBXContainerItemProxy */;
		};
		3AE5E8C61D369E8700DB40B7 /* PBXTargetDependency */ = {
			isa = PBXTargetDependency;
			target = 3AE5E8A11D369E8700DB40B7 /* UrbozPicker */;
			targetProxy = 3AE5E8C51D369E8700DB40B7 /* PBXContainerItemProxy */;
		};
/* End PBXTargetDependency section */

/* Begin PBXVariantGroup section */
		3AE5E8A91D369E8700DB40B7 /* Main.storyboard */ = {
			isa = PBXVariantGroup;
			children = (
				3AE5E8AA1D369E8700DB40B7 /* Base */,
			);
			name = Main.storyboard;
			sourceTree = "<group>";
		};
		3AE5E8B11D369E8700DB40B7 /* LaunchScreen.storyboard */ = {
			isa = PBXVariantGroup;
			children = (
				3AE5E8B21D369E8700DB40B7 /* Base */,
			);
			name = LaunchScreen.storyboard;
			sourceTree = "<group>";
		};
/* End PBXVariantGroup section */

/* Begin XCBuildConfiguration section */
		3AE5E8CB1D369E8700DB40B7 /* Debug */ = {
			isa = XCBuildConfiguration;
			buildSettings = {
				ALWAYS_SEARCH_USER_PATHS = NO;
				CLANG_ANALYZER_NONNULL = YES;
				CLANG_CXX_LANGUAGE_STANDARD = "gnu++0x";
				CLANG_CXX_LIBRARY = "libc++";
				CLANG_ENABLE_MODULES = YES;
				CLANG_ENABLE_OBJC_ARC = YES;
				CLANG_WARN_BOOL_CONVERSION = YES;
				CLANG_WARN_CONSTANT_CONVERSION = YES;
				CLANG_WARN_DIRECT_OBJC_ISA_USAGE = YES_ERROR;
				CLANG_WARN_EMPTY_BODY = YES;
				CLANG_WARN_ENUM_CONVERSION = YES;
				CLANG_WARN_INT_CONVERSION = YES;
				CLANG_WARN_OBJC_ROOT_CLASS = YES_ERROR;
				CLANG_WARN_UNREACHABLE_CODE = YES;
				CLANG_WARN__DUPLICATE_METHOD_MATCH = YES;
				"CODE_SIGN_IDENTITY[sdk=iphoneos*]" = "iPhone Developer";
				COPY_PHASE_STRIP = NO;
				DEBUG_INFORMATION_FORMAT = dwarf;
				ENABLE_STRICT_OBJC_MSGSEND = YES;
				ENABLE_TESTABILITY = YES;
				GCC_C_LANGUAGE_STANDARD = gnu99;
				GCC_DYNAMIC_NO_PIC = NO;
				GCC_NO_COMMON_BLOCKS = YES;
				GCC_OPTIMIZATION_LEVEL = 0;
				GCC_PREPROCESSOR_DEFINITIONS = (
					"DEBUG=1",
					"$(inherited)",
				);
				GCC_WARN_64_TO_32_BIT_CONVERSION = YES;
				GCC_WARN_ABOUT_RETURN_TYPE = YES_ERROR;
				GCC_WARN_UNDECLARED_SELECTOR = YES;
				GCC_WARN_UNINITIALIZED_AUTOS = YES_AGGRESSIVE;
				GCC_WARN_UNUSED_FUNCTION = YES;
				GCC_WARN_UNUSED_VARIABLE = YES;
				IPHONEOS_DEPLOYMENT_TARGET = 9.3;
				MTL_ENABLE_DEBUG_INFO = YES;
				ONLY_ACTIVE_ARCH = YES;
				SDKROOT = iphoneos;
				SWIFT_OPTIMIZATION_LEVEL = "-Onone";
			};
			name = Debug;
		};
		3AE5E8CC1D369E8700DB40B7 /* Release */ = {
			isa = XCBuildConfiguration;
			buildSettings = {
				ALWAYS_SEARCH_USER_PATHS = NO;
				CLANG_ANALYZER_NONNULL = YES;
				CLANG_CXX_LANGUAGE_STANDARD = "gnu++0x";
				CLANG_CXX_LIBRARY = "libc++";
				CLANG_ENABLE_MODULES = YES;
				CLANG_ENABLE_OBJC_ARC = YES;
				CLANG_WARN_BOOL_CONVERSION = YES;
				CLANG_WARN_CONSTANT_CONVERSION = YES;
				CLANG_WARN_DIRECT_OBJC_ISA_USAGE = YES_ERROR;
				CLANG_WARN_EMPTY_BODY = YES;
				CLANG_WARN_ENUM_CONVERSION = YES;
				CLANG_WARN_INT_CONVERSION = YES;
				CLANG_WARN_OBJC_ROOT_CLASS = YES_ERROR;
				CLANG_WARN_UNREACHABLE_CODE = YES;
				CLANG_WARN__DUPLICATE_METHOD_MATCH = YES;
				"CODE_SIGN_IDENTITY[sdk=iphoneos*]" = "iPhone Developer";
				COPY_PHASE_STRIP = NO;
				DEBUG_INFORMATION_FORMAT = "dwarf-with-dsym";
				ENABLE_NS_ASSERTIONS = NO;
				ENABLE_STRICT_OBJC_MSGSEND = YES;
				GCC_C_LANGUAGE_STANDARD = gnu99;
				GCC_NO_COMMON_BLOCKS = YES;
				GCC_WARN_64_TO_32_BIT_CONVERSION = YES;
				GCC_WARN_ABOUT_RETURN_TYPE = YES_ERROR;
				GCC_WARN_UNDECLARED_SELECTOR = YES;
				GCC_WARN_UNINITIALIZED_AUTOS = YES_AGGRESSIVE;
				GCC_WARN_UNUSED_FUNCTION = YES;
				GCC_WARN_UNUSED_VARIABLE = YES;
				IPHONEOS_DEPLOYMENT_TARGET = 9.3;
				MTL_ENABLE_DEBUG_INFO = NO;
				SDKROOT = iphoneos;
				VALIDATE_PRODUCT = YES;
			};
			name = Release;
		};
		3AE5E8CE1D369E8700DB40B7 /* Debug */ = {
			isa = XCBuildConfiguration;
			buildSettings = {
				ASSETCATALOG_COMPILER_APPICON_NAME = AppIcon;
				INFOPLIST_FILE = UrbozPicker/Info.plist;
				LD_RUNPATH_SEARCH_PATHS = "$(inherited) @executable_path/Frameworks";
				PRODUCT_BUNDLE_IDENTIFIER = com.urboz.urbozpicker.UrbozPicker;
				PRODUCT_NAME = "$(TARGET_NAME)";
			};
			name = Debug;
		};
		3AE5E8CF1D369E8700DB40B7 /* Release */ = {
			isa = XCBuildConfiguration;
			buildSettings = {
				ASSETCATALOG_COMPILER_APPICON_NAME = AppIcon;
				INFOPLIST_FILE = UrbozPicker/Info.plist;
				LD_RUNPATH_SEARCH_PATHS = "$(inherited) @executable_path/Frameworks";
				PRODUCT_BUNDLE_IDENTIFIER = com.urboz.urbozpicker.UrbozPicker;
				PRODUCT_NAME = "$(TARGET_NAME)";
			};
			name = Release;
		};
		3AE5E8D11D369E8700DB40B7 /* Debug */ = {
			isa = XCBuildConfiguration;
			buildSettings = {
				BUNDLE_LOADER = "$(TEST_HOST)";
				INFOPLIST_FILE = UrbozPickerTests/Info.plist;
				LD_RUNPATH_SEARCH_PATHS = "$(inherited) @executable_path/Frameworks @loader_path/Frameworks";
				PRODUCT_BUNDLE_IDENTIFIER = com.urboz.urbozpicker.UrbozPickerTests;
				PRODUCT_NAME = "$(TARGET_NAME)";
				TEST_HOST = "$(BUILT_PRODUCTS_DIR)/UrbozPicker.app/UrbozPicker";
			};
			name = Debug;
		};
		3AE5E8D21D369E8700DB40B7 /* Release */ = {
			isa = XCBuildConfiguration;
			buildSettings = {
				BUNDLE_LOADER = "$(TEST_HOST)";
				INFOPLIST_FILE = UrbozPickerTests/Info.plist;
				LD_RUNPATH_SEARCH_PATHS = "$(inherited) @executable_path/Frameworks @loader_path/Frameworks";
				PRODUCT_BUNDLE_IDENTIFIER = com.urboz.urbozpicker.UrbozPickerTests;
				PRODUCT_NAME = "$(TARGET_NAME)";
				TEST_HOST = "$(BUILT_PRODUCTS_DIR)/UrbozPicker.app/UrbozPicker";
			};
			name = Release;
		};
		3AE5E8D41D369E8700DB40B7 /* Debug */ = {
			isa = XCBuildConfiguration;
			buildSettings = {
				INFOPLIST_FILE = UrbozPickerUITests/Info.plist;
				LD_RUNPATH_SEARCH_PATHS = "$(inherited) @executable_path/Frameworks @loader_path/Frameworks";
				PRODUCT_BUNDLE_IDENTIFIER = com.urboz.urbozpicker.UrbozPickerUITests;
				PRODUCT_NAME = "$(TARGET_NAME)";
				TEST_TARGET_NAME = UrbozPicker;
			};
			name = Debug;
		};
		3AE5E8D51D369E8700DB40B7 /* Release */ = {
			isa = XCBuildConfiguration;
			buildSettings = {
				INFOPLIST_FILE = UrbozPickerUITests/Info.plist;
				LD_RUNPATH_SEARCH_PATHS = "$(inherited) @executable_path/Frameworks @loader_path/Frameworks";
				PRODUCT_BUNDLE_IDENTIFIER = com.urboz.urbozpicker.UrbozPickerUITests;
				PRODUCT_NAME = "$(TARGET_NAME)";
				TEST_TARGET_NAME = UrbozPicker;
			};
			name = Release;
		};
/* End XCBuildConfiguration section */

/* Begin XCConfigurationList section */
		3AE5E89D1D369E8700DB40B7 /* Build configuration list for PBXProject "UrbozPicker" */ = {
			isa = XCConfigurationList;
			buildConfigurations = (
				3AE5E8CB1D369E8700DB40B7 /* Debug */,
				3AE5E8CC1D369E8700DB40B7 /* Release */,
			);
			defaultConfigurationIsVisible = 0;
			defaultConfigurationName = Release;
		};
		3AE5E8CD1D369E8700DB40B7 /* Build configuration list for PBXNativeTarget "UrbozPicker" */ = {
			isa = XCConfigurationList;
			buildConfigurations = (
				3AE5E8CE1D369E8700DB40B7 /* Debug */,
				3AE5E8CF1D369E8700DB40B7 /* Release */,
			);
			defaultConfigurationIsVisible = 0;
		};
		3AE5E8D01D369E8700DB40B7 /* Build configuration list for PBXNativeTarget "UrbozPickerTests" */ = {
			isa = XCConfigurationList;
			buildConfigurations = (
				3AE5E8D11D369E8700DB40B7 /* Debug */,
				3AE5E8D21D369E8700DB40B7 /* Release */,
			);
			defaultConfigurationIsVisible = 0;
		};
		3AE5E8D31D369E8700DB40B7 /* Build configuration list for PBXNativeTarget "UrbozPickerUITests" */ = {
			isa = XCConfigurationList;
			buildConfigurations = (
				3AE5E8D41D369E8700DB40B7 /* Debug */,
				3AE5E8D51D369E8700DB40B7 /* Release */,
			);
			defaultConfigurationIsVisible = 0;
		};
/* End XCConfigurationList section */

/* Begin XCVersionGroup section */
		3AE5E8AC1D369E8700DB40B7 /* UrbozPicker.xcdatamodeld */ = {
			isa = XCVersionGroup;
			children = (
				3AE5E8AD1D369E8700DB40B7 /* UrbozPicker.xcdatamodel */,
			);
			currentVersion = 3AE5E8AD1D369E8700DB40B7 /* UrbozPicker.xcdatamodel */;
			path = UrbozPicker.xcdatamodeld;
			sourceTree = "<group>";
			versionGroupType = wrapper.xcdatamodel;
		};
/* End XCVersionGroup section */
	};
	rootObject = 3AE5E89A1D369E8700DB40B7 /* Project object */;
}
